// !$*UTF8*$!
{
	archiveVersion = 1;
	classes = {
	};
	objectVersion = 46;
	objects = {

/* Begin PBXBuildFile section */
		2C4B8BF51DFD2F86005A5D60 /* Main.storyboard in Resources */ = {isa = PBXBuildFile; fileRef = 2C4B8BF31DFD2F86005A5D60 /* Main.storyboard */; };
		2C4B8BF61DFD2F86005A5D60 /* DemoURL.swift in Sources */ = {isa = PBXBuildFile; fileRef = 2C4B8BF41DFD2F86005A5D60 /* DemoURL.swift */; };
		2C4B8BF81DFD37CC005A5D60 /* CassiniViewController.swift in Sources */ = {isa = PBXBuildFile; fileRef = 2C4B8BF71DFD37CC005A5D60 /* CassiniViewController.swift */; };
		2CC493481DE8510F0000B8CF /* AppDelegate.swift in Sources */ = {isa = PBXBuildFile; fileRef = 2CC493471DE8510F0000B8CF /* AppDelegate.swift */; };
		2CC4934F1DE8510F0000B8CF /* Assets.xcassets in Resources */ = {isa = PBXBuildFile; fileRef = 2CC4934E1DE8510F0000B8CF /* Assets.xcassets */; };
		2CC493521DE8510F0000B8CF /* LaunchScreen.storyboard in Resources */ = {isa = PBXBuildFile; fileRef = 2CC493501DE8510F0000B8CF /* LaunchScreen.storyboard */; };
		2CC4935B1DE852970000B8CF /* ImageViewController.swift in Sources */ = {isa = PBXBuildFile; fileRef = 2CC4935A1DE852970000B8CF /* ImageViewController.swift */; };
/* End PBXBuildFile section */

/* Begin PBXFileReference section */
		2C4B8BF31DFD2F86005A5D60 /* Main.storyboard */ = {isa = PBXFileReference; fileEncoding = 4; lastKnownFileType = file.storyboard; path = Main.storyboard; sourceTree = "<group>"; };
		2C4B8BF41DFD2F86005A5D60 /* DemoURL.swift */ = {isa = PBXFileReference; fileEncoding = 4; lastKnownFileType = sourcecode.swift; path = DemoURL.swift; sourceTree = "<group>"; };
		2C4B8BF71DFD37CC005A5D60 /* CassiniViewController.swift */ = {isa = PBXFileReference; fileEncoding = 4; lastKnownFileType = sourcecode.swift; path = CassiniViewController.swift; sourceTree = "<group>"; };
		2CC493441DE8510F0000B8CF /* Cassini.app */ = {isa = PBXFileReference; explicitFileType = wrapper.application; includeInIndex = 0; path = Cassini.app; sourceTree = BUILT_PRODUCTS_DIR; };
		2CC493471DE8510F0000B8CF /* AppDelegate.swift */ = {isa = PBXFileReference; lastKnownFileType = sourcecode.swift; path = AppDelegate.swift; sourceTree = "<group>"; };
		2CC4934E1DE8510F0000B8CF /* Assets.xcassets */ = {isa = PBXFileReference; lastKnownFileType = folder.assetcatalog; path = Assets.xcassets; sourceTree = "<group>"; };
		2CC493511DE8510F0000B8CF /* Base */ = {isa = PBXFileReference; lastKnownFileType = file.storyboard; name = Base; path = Base.lproj/LaunchScreen.storyboard; sourceTree = "<group>"; };
		2CC493531DE8510F0000B8CF /* Info.plist */ = {isa = PBXFileReference; lastKnownFileType = text.plist.xml; path = Info.plist; sourceTree = "<group>"; };
		2CC4935A1DE852970000B8CF /* ImageViewController.swift */ = {isa = PBXFileReference; fileEncoding = 4; lastKnownFileType = sourcecode.swift; path = ImageViewController.swift; sourceTree = "<group>"; };
/* End PBXFileReference section */

/* Begin PBXFrameworksBuildPhase section */
		2CC493411DE8510F0000B8CF /* Frameworks */ = {
			isa = PBXFrameworksBuildPhase;
			buildActionMask = 2147483647;
			files = (
			);
			runOnlyForDeploymentPostprocessing = 0;
		};
/* End PBXFrameworksBuildPhase section */

/* Begin PBXGroup section */
		2CC4933B1DE8510F0000B8CF = {
			isa = PBXGroup;
			children = (
				2CC493461DE8510F0000B8CF /* Cassini */,
				2CC493451DE8510F0000B8CF /* Products */,
			);
			sourceTree = "<group>";
		};
		2CC493451DE8510F0000B8CF /* Products */ = {
			isa = PBXGroup;
			children = (
				2CC493441DE8510F0000B8CF /* Cassini.app */,
			);
			name = Products;
			sourceTree = "<group>";
		};
		2CC493461DE8510F0000B8CF /* Cassini */ = {
			isa = PBXGroup;
			children = (
				2CC4935A1DE852970000B8CF /* ImageViewController.swift */,
				2C4B8BF71DFD37CC005A5D60 /* CassiniViewController.swift */,
				2C4B8BF31DFD2F86005A5D60 /* Main.storyboard */,
				2C4B8BF41DFD2F86005A5D60 /* DemoURL.swift */,
				2CC493531DE8510F0000B8CF /* Info.plist */,
				2CC493591DE851320000B8CF /* Supporting Files */,
			);
			path = Cassini;
			sourceTree = "<group>";
		};
		2CC493591DE851320000B8CF /* Supporting Files */ = {
			isa = PBXGroup;
			children = (
				2CC493471DE8510F0000B8CF /* AppDelegate.swift */,
				2CC4934E1DE8510F0000B8CF /* Assets.xcassets */,
				2CC493501DE8510F0000B8CF /* LaunchScreen.storyboard */,
			);
			name = "Supporting Files";
			sourceTree = "<group>";
		};
/* End PBXGroup section */

/* Begin PBXNativeTarget section */
		2CC493431DE8510F0000B8CF /* Cassini */ = {
			isa = PBXNativeTarget;
			buildConfigurationList = 2CC493561DE8510F0000B8CF /* Build configuration list for PBXNativeTarget "Cassini" */;
			buildPhases = (
				2CC493401DE8510F0000B8CF /* Sources */,
				2CC493411DE8510F0000B8CF /* Frameworks */,
				2CC493421DE8510F0000B8CF /* Resources */,
			);
			buildRules = (
			);
			dependencies = (
			);
			name = Cassini;
			productName = Cassini;
			productReference = 2CC493441DE8510F0000B8CF /* Cassini.app */;
			productType = "com.apple.product-type.application";
		};
/* End PBXNativeTarget section */

/* Begin PBXProject section */
		2CC4933C1DE8510F0000B8CF /* Project object */ = {
			isa = PBXProject;
			attributes = {
				LastSwiftUpdateCheck = 0810;
				LastUpgradeCheck = 0810;
				ORGANIZATIONNAME = "陈志鹏";
				TargetAttributes = {
					2CC493431DE8510F0000B8CF = {
						CreatedOnToolsVersion = 8.1;
						DevelopmentTeam = ENKT5ZZGL8;
						ProvisioningStyle = Automatic;
					};
				};
			};
			buildConfigurationList = 2CC4933F1DE8510F0000B8CF /* Build configuration list for PBXProject "Cassini" */;
			compatibilityVersion = "Xcode 3.2";
			developmentRegion = English;
			hasScannedForEncodings = 0;
			knownRegions = (
				en,
				Base,
			);
			mainGroup = 2CC4933B1DE8510F0000B8CF;
			productRefGroup = 2CC493451DE8510F0000B8CF /* Products */;
			projectDirPath = "";
			projectRoot = "";
			targets = (
				2CC493431DE8510F0000B8CF /* Cassini */,
			);
		};
/* End PBXProject section */

/* Begin PBXResourcesBuildPhase section */
		2CC493421DE8510F0000B8CF /* Resources */ = {
			isa = PBXResourcesBuildPhase;
			buildActionMask = 2147483647;
			files = (
				2C4B8BF51DFD2F86005A5D60 /* Main.storyboard in Resources */,
				2CC493521DE8510F0000B8CF /* LaunchScreen.storyboard in Resources */,
				2CC4934F1DE8510F0000B8CF /* Assets.xcassets in Resources */,
			);
			runOnlyForDeploymentPostprocessing = 0;
		};
/* End PBXResourcesBuildPhase section */

/* Begin PBXSourcesBuildPhase section */
		2CC493401DE8510F0000B8CF /* Sources */ = {
			isa = PBXSourcesBuildPhase;
			buildActionMask = 2147483647;
			files = (
				2CC4935B1DE852970000B8CF /* ImageViewController.swift in Sources */,
				2CC493481DE8510F0000B8CF /* AppDelegate.swift in Sources */,
				2C4B8BF61DFD2F86005A5D60 /* DemoURL.swift in Sources */,
				2C4B8BF81DFD37CC005A5D60 /* CassiniViewController.swift in Sources */,
			);
			runOnlyForDeploymentPostprocessing = 0;
		};
/* End PBXSourcesBuildPhase section */

/* Begin PBXVariantGroup section */
		2CC493501DE8510F0000B8CF /* LaunchScreen.storyboard */ = {
			isa = PBXVariantGroup;
			children = (
				2CC493511DE8510F0000B8CF /* Base */,
			);
			name = LaunchScreen.storyboard;
			sourceTree = "<group>";
		};
/* End PBXVariantGroup section */

/* Begin XCBuildConfiguration section */
		2CC493541DE8510F0000B8CF /* Debug */ = {
			isa = XCBuildConfiguration;
			buildSettings = {
				ALWAYS_SEARCH_USER_PATHS = NO;
				CLANG_ANALYZER_NONNULL = YES;
				CLANG_CXX_LANGUAGE_STANDARD = "gnu++0x";
				CLANG_CXX_LIBRARY = "libc++";
				CLANG_ENABLE_MODULES = YES;
				CLANG_ENABLE_OBJC_ARC = YES;
				CLANG_WARN_BOOL_CONVERSION = YES;
				CLANG_WARN_CONSTANT_CONVERSION = YES;
				CLANG_WARN_DIRECT_OBJC_ISA_USAGE = YES_ERROR;
				CLANG_WARN_DOCUMENTATION_COMMENTS = YES;
				CLANG_WARN_EMPTY_BODY = YES;
				CLANG_WARN_ENUM_CONVERSION = YES;
				CLANG_WARN_INFINITE_RECURSION = YES;
				CLANG_WARN_INT_CONVERSION = YES;
				CLANG_WARN_OBJC_ROOT_CLASS = YES_ERROR;
				CLANG_WARN_SUSPICIOUS_MOVES = YES;
				CLANG_WARN_UNREACHABLE_CODE = YES;
				CLANG_WARN__DUPLICATE_METHOD_MATCH = YES;
				"CODE_SIGN_IDENTITY[sdk=iphoneos*]" = "iPhone Developer";
				COPY_PHASE_STRIP = NO;
				DEBUG_INFORMATION_FORMAT = dwarf;
				ENABLE_STRICT_OBJC_MSGSEND = YES;
				ENABLE_TESTABILITY = YES;
				GCC_C_LANGUAGE_STANDARD = gnu99;
				GCC_DYNAMIC_NO_PIC = NO;
				GCC_NO_COMMON_BLOCKS = YES;
				GCC_OPTIMIZATION_LEVEL = 0;
				GCC_PREPROCESSOR_DEFINITIONS = (
					"DEBUG=1",
					"$(inherited)",
				);
				GCC_WARN_64_TO_32_BIT_CONVERSION = YES;
				GCC_WARN_ABOUT_RETURN_TYPE = YES_ERROR;
				GCC_WARN_UNDECLARED_SELECTOR = YES;
				GCC_WARN_UNINITIALIZED_AUTOS = YES_AGGRESSIVE;
				GCC_WARN_UNUSED_FUNCTION = YES;
				GCC_WARN_UNUSED_VARIABLE = YES;
				IPHONEOS_DEPLOYMENT_TARGET = 10.1;
				MTL_ENABLE_DEBUG_INFO = YES;
				ONLY_ACTIVE_ARCH = YES;
				SDKROOT = iphoneos;
				SWIFT_ACTIVE_COMPILATION_CONDITIONS = DEBUG;
				SWIFT_OPTIMIZATION_LEVEL = "-Onone";
				TARGETED_DEVICE_FAMILY = "1,2";
			};
			name = Debug;
		};
		2CC493551DE8510F0000B8CF /* Release */ = {
			isa = XCBuildConfiguration;
			buildSettings = {
				ALWAYS_SEARCH_USER_PATHS = NO;
				CLANG_ANALYZER_NONNULL = YES;
				CLANG_CXX_LANGUAGE_STANDARD = "gnu++0x";
				CLANG_CXX_LIBRARY = "libc++";
				CLANG_ENABLE_MODULES = YES;
				CLANG_ENABLE_OBJC_ARC = YES;
				CLANG_WARN_BOOL_CONVERSION = YES;
				CLANG_WARN_CONSTANT_CONVERSION = YES;
				CLANG_WARN_DIRECT_OBJC_ISA_USAGE = YES_ERROR;
				CLANG_WARN_DOCUMENTATION_COMMENTS = YES;
				CLANG_WARN_EMPTY_BODY = YES;
				CLANG_WARN_ENUM_CONVERSION = YES;
				CLANG_WARN_INFINITE_RECURSION = YES;
				CLANG_WARN_INT_CONVERSION = YES;
				CLANG_WARN_OBJC_ROOT_CLASS = YES_ERROR;
				CLANG_WARN_SUSPICIOUS_MOVES = YES;
				CLANG_WARN_UNREACHABLE_CODE = YES;
				CLANG_WARN__DUPLICATE_METHOD_MATCH = YES;
				"CODE_SIGN_IDENTITY[sdk=iphoneos*]" = "iPhone Developer";
				COPY_PHASE_STRIP = NO;
				DEBUG_INFORMATION_FORMAT = "dwarf-with-dsym";
				ENABLE_NS_ASSERTIONS = NO;
				ENABLE_STRICT_OBJC_MSGSEND = YES;
				GCC_C_LANGUAGE_STANDARD = gnu99;
				GCC_NO_COMMON_BLOCKS = YES;
				GCC_WARN_64_TO_32_BIT_CONVERSION = YES;
				GCC_WARN_ABOUT_RETURN_TYPE = YES_ERROR;
				GCC_WARN_UNDECLARED_SELECTOR = YES;
				GCC_WARN_UNINITIALIZED_AUTOS = YES_AGGRESSIVE;
				GCC_WARN_UNUSED_FUNCTION = YES;
				GCC_WARN_UNUSED_VARIABLE = YES;
				IPHONEOS_DEPLOYMENT_TARGET = 10.1;
				MTL_ENABLE_DEBUG_INFO = NO;
				SDKROOT = iphoneos;
				SWIFT_OPTIMIZATION_LEVEL = "-Owholemodule";
				TARGETED_DEVICE_FAMILY = "1,2";
				VALIDATE_PRODUCT = YES;
			};
			name = Release;
		};
		2CC493571DE8510F0000B8CF /* Debug */ = {
			isa = XCBuildConfiguration;
			buildSettings = {
				ASSETCATALOG_COMPILER_APPICON_NAME = AppIcon;
				DEVELOPMENT_TEAM = ENKT5ZZGL8;
				INFOPLIST_FILE = Cassini/Info.plist;
				LD_RUNPATH_SEARCH_PATHS = "$(inherited) @executable_path/Frameworks";
				PRODUCT_BUNDLE_IDENTIFIER = com.chenzhipeng.Cassini;
				PRODUCT_NAME = "$(TARGET_NAME)";
				SWIFT_VERSION = 3.0;
			};
			name = Debug;
		};
		2CC493581DE8510F0000B8CF /* Release */ = {
			isa = XCBuildConfiguration;
			buildSettings = {
				ASSETCATALOG_COMPILER_APPICON_NAME = AppIcon;
				DEVELOPMENT_TEAM = ENKT5ZZGL8;
				INFOPLIST_FILE = Cassini/Info.plist;
				LD_RUNPATH_SEARCH_PATHS = "$(inherited) @executable_path/Frameworks";
				PRODUCT_BUNDLE_IDENTIFIER = com.chenzhipeng.Cassini;
				PRODUCT_NAME = "$(TARGET_NAME)";
				SWIFT_VERSION = 3.0;
			};
			name = Release;
		};
/* End XCBuildConfiguration section */

/* Begin XCConfigurationList section */
		2CC4933F1DE8510F0000B8CF /* Build configuration list for PBXProject "Cassini" */ = {
			isa = XCConfigurationList;
			buildConfigurations = (
				2CC493541DE8510F0000B8CF /* Debug */,
				2CC493551DE8510F0000B8CF /* Release */,
			);
			defaultConfigurationIsVisible = 0;
			defaultConfigurationName = Release;
		};
		2CC493561DE8510F0000B8CF /* Build configuration list for PBXNativeTarget "Cassini" */ = {
			isa = XCConfigurationList;
			buildConfigurations = (
				2CC493571DE8510F0000B8CF /* Debug */,
				2CC493581DE8510F0000B8CF /* Release */,
			);
			defaultConfigurationIsVisible = 0;
			defaultConfigurationName = Release;
		};
/* End XCConfigurationList section */
	};
	rootObject = 2CC4933C1DE8510F0000B8CF /* Project object */;
}
