// !$*UTF8*$!
{
	archiveVersion = 1;
	classes = {
	};
	objectVersion = 46;
	objects = {

/* Begin PBXBuildFile section */
		2C072DE11E0A78B400648EC3 /* Tweet+CoreDataClass.swift in Sources */ = {isa = PBXBuildFile; fileRef = 2C072DDD1E0A78B400648EC3 /* Tweet+CoreDataClass.swift */; };
		2C072DE21E0A78B400648EC3 /* Tweet+CoreDataProperties.swift in Sources */ = {isa = PBXBuildFile; fileRef = 2C072DDE1E0A78B400648EC3 /* Tweet+CoreDataProperties.swift */; };
		2C072DE31E0A78B400648EC3 /* TwitterUser+CoreDataClass.swift in Sources */ = {isa = PBXBuildFile; fileRef = 2C072DDF1E0A78B400648EC3 /* TwitterUser+CoreDataClass.swift */; };
		2C072DE41E0A78B400648EC3 /* TwitterUser+CoreDataProperties.swift in Sources */ = {isa = PBXBuildFile; fileRef = 2C072DE01E0A78B400648EC3 /* TwitterUser+CoreDataProperties.swift */; };
		2C5421971E07888900A0A6DB /* CFNetwork.framework in Frameworks */ = {isa = PBXBuildFile; fileRef = 2C5421961E07888900A0A6DB /* CFNetwork.framework */; };
		2C5421991E0788CF00A0A6DB /* Twitter.framework in Frameworks */ = {isa = PBXBuildFile; fileRef = 2C5421981E0788CF00A0A6DB /* Twitter.framework */; };
		2C54219B1E07BC8700A0A6DB /* TweetTableViewCell.swift in Sources */ = {isa = PBXBuildFile; fileRef = 2C54219A1E07BC8700A0A6DB /* TweetTableViewCell.swift */; };
		2C67072B1E0B851C00B40BDB /* CoreDataTableViewController.swift in Sources */ = {isa = PBXBuildFile; fileRef = 2C67072A1E0B851C00B40BDB /* CoreDataTableViewController.swift */; };
		2CD0F5641E06E796008EEF1A /* AppDelegate.swift in Sources */ = {isa = PBXBuildFile; fileRef = 2CD0F5631E06E796008EEF1A /* AppDelegate.swift */; };
		2CD0F5691E06E796008EEF1A /* Main.storyboard in Resources */ = {isa = PBXBuildFile; fileRef = 2CD0F5671E06E796008EEF1A /* Main.storyboard */; };
		2CD0F56B1E06E796008EEF1A /* Assets.xcassets in Resources */ = {isa = PBXBuildFile; fileRef = 2CD0F56A1E06E796008EEF1A /* Assets.xcassets */; };
		2CD0F56E1E06E796008EEF1A /* LaunchScreen.storyboard in Resources */ = {isa = PBXBuildFile; fileRef = 2CD0F56C1E06E796008EEF1A /* LaunchScreen.storyboard */; };
		2CD0F5771E06E887008EEF1A /* TweetTableViewController.swift in Sources */ = {isa = PBXBuildFile; fileRef = 2CD0F5761E06E887008EEF1A /* TweetTableViewController.swift */; };
		2CF5E2691E0A54E000D21F89 /* TweetersTableViewController.swift in Sources */ = {isa = PBXBuildFile; fileRef = 2CF5E2681E0A54E000D21F89 /* TweetersTableViewController.swift */; };
		2CF5E28D1E0A61C700D21F89 /* Model.xcdatamodeld in Sources */ = {isa = PBXBuildFile; fileRef = 2CF5E28B1E0A61C700D21F89 /* Model.xcdatamodeld */; };
/* End PBXBuildFile section */

/* Begin PBXFileReference section */
		2C072DDD1E0A78B400648EC3 /* Tweet+CoreDataClass.swift */ = {isa = PBXFileReference; fileEncoding = 4; lastKnownFileType = sourcecode.swift; path = "Tweet+CoreDataClass.swift"; sourceTree = "<group>"; };
		2C072DDE1E0A78B400648EC3 /* Tweet+CoreDataProperties.swift */ = {isa = PBXFileReference; fileEncoding = 4; lastKnownFileType = sourcecode.swift; path = "Tweet+CoreDataProperties.swift"; sourceTree = "<group>"; };
		2C072DDF1E0A78B400648EC3 /* TwitterUser+CoreDataClass.swift */ = {isa = PBXFileReference; fileEncoding = 4; lastKnownFileType = sourcecode.swift; path = "TwitterUser+CoreDataClass.swift"; sourceTree = "<group>"; };
		2C072DE01E0A78B400648EC3 /* TwitterUser+CoreDataProperties.swift */ = {isa = PBXFileReference; fileEncoding = 4; lastKnownFileType = sourcecode.swift; path = "TwitterUser+CoreDataProperties.swift"; sourceTree = "<group>"; };
		2C5421961E07888900A0A6DB /* CFNetwork.framework */ = {isa = PBXFileReference; lastKnownFileType = wrapper.framework; name = CFNetwork.framework; path = System/Library/Frameworks/CFNetwork.framework; sourceTree = SDKROOT; };
		2C5421981E0788CF00A0A6DB /* Twitter.framework */ = {isa = PBXFileReference; lastKnownFileType = wrapper.framework; name = Twitter.framework; path = "../../../../Library/Developer/Xcode/DerivedData/SmashtagSpace-cpanevuylliogefphkchymvzgnws/Build/Products/Debug-iphoneos/Twitter.framework"; sourceTree = "<group>"; };
		2C54219A1E07BC8700A0A6DB /* TweetTableViewCell.swift */ = {isa = PBXFileReference; fileEncoding = 4; lastKnownFileType = sourcecode.swift; path = TweetTableViewCell.swift; sourceTree = "<group>"; };
		2C67072A1E0B851C00B40BDB /* CoreDataTableViewController.swift */ = {isa = PBXFileReference; fileEncoding = 4; lastKnownFileType = sourcecode.swift; path = CoreDataTableViewController.swift; sourceTree = "<group>"; };
		2CD0F5601E06E796008EEF1A /* Smashtag.app */ = {isa = PBXFileReference; explicitFileType = wrapper.application; includeInIndex = 0; path = Smashtag.app; sourceTree = BUILT_PRODUCTS_DIR; };
		2CD0F5631E06E796008EEF1A /* AppDelegate.swift */ = {isa = PBXFileReference; lastKnownFileType = sourcecode.swift; path = AppDelegate.swift; sourceTree = "<group>"; };
		2CD0F5681E06E796008EEF1A /* Base */ = {isa = PBXFileReference; lastKnownFileType = file.storyboard; name = Base; path = Base.lproj/Main.storyboard; sourceTree = "<group>"; };
		2CD0F56A1E06E796008EEF1A /* Assets.xcassets */ = {isa = PBXFileReference; lastKnownFileType = folder.assetcatalog; path = Assets.xcassets; sourceTree = "<group>"; };
		2CD0F56D1E06E796008EEF1A /* Base */ = {isa = PBXFileReference; lastKnownFileType = file.storyboard; name = Base; path = Base.lproj/LaunchScreen.storyboard; sourceTree = "<group>"; };
		2CD0F56F1E06E796008EEF1A /* Info.plist */ = {isa = PBXFileReference; lastKnownFileType = text.plist.xml; path = Info.plist; sourceTree = "<group>"; };
		2CD0F5761E06E887008EEF1A /* TweetTableViewController.swift */ = {isa = PBXFileReference; fileEncoding = 4; lastKnownFileType = sourcecode.swift; path = TweetTableViewController.swift; sourceTree = "<group>"; };
		2CF5E2681E0A54E000D21F89 /* TweetersTableViewController.swift */ = {isa = PBXFileReference; fileEncoding = 4; lastKnownFileType = sourcecode.swift; path = TweetersTableViewController.swift; sourceTree = "<group>"; };
		2CF5E28C1E0A61C700D21F89 /* Model.xcdatamodel */ = {isa = PBXFileReference; lastKnownFileType = wrapper.xcdatamodel; path = Model.xcdatamodel; sourceTree = "<group>"; };
/* End PBXFileReference section */

/* Begin PBXFrameworksBuildPhase section */
		2CD0F55D1E06E796008EEF1A /* Frameworks */ = {
			isa = PBXFrameworksBuildPhase;
			buildActionMask = 2147483647;
			files = (
				2C5421971E07888900A0A6DB /* CFNetwork.framework in Frameworks */,
				2C5421991E0788CF00A0A6DB /* Twitter.framework in Frameworks */,
			);
			runOnlyForDeploymentPostprocessing = 0;
		};
/* End PBXFrameworksBuildPhase section */

/* Begin PBXGroup section */
		2CD0F5571E06E796008EEF1A = {
			isa = PBXGroup;
			children = (
				2CD0F5621E06E796008EEF1A /* Smashtag */,
				2CD0F5611E06E796008EEF1A /* Products */,
				2CD0F5851E06F0CC008EEF1A /* Frameworks */,
			);
			sourceTree = "<group>";
		};
		2CD0F5611E06E796008EEF1A /* Products */ = {
			isa = PBXGroup;
			children = (
				2CD0F5601E06E796008EEF1A /* Smashtag.app */,
			);
			name = Products;
			sourceTree = "<group>";
		};
		2CD0F5621E06E796008EEF1A /* Smashtag */ = {
			isa = PBXGroup;
			children = (
				2CF5E2961E0A65AE00D21F89 /* Core Data */,
				2CD0F5671E06E796008EEF1A /* Main.storyboard */,
				2CD0F5761E06E887008EEF1A /* TweetTableViewController.swift */,
				2C54219A1E07BC8700A0A6DB /* TweetTableViewCell.swift */,
				2CF5E2681E0A54E000D21F89 /* TweetersTableViewController.swift */,
				2CD0F5751E06E7B6008EEF1A /* Supporting Files */,
			);
			path = Smashtag;
			sourceTree = "<group>";
		};
		2CD0F5751E06E7B6008EEF1A /* Supporting Files */ = {
			isa = PBXGroup;
			children = (
				2CD0F5631E06E796008EEF1A /* AppDelegate.swift */,
				2CD0F56A1E06E796008EEF1A /* Assets.xcassets */,
				2CD0F56C1E06E796008EEF1A /* LaunchScreen.storyboard */,
				2CD0F56F1E06E796008EEF1A /* Info.plist */,
			);
			name = "Supporting Files";
			sourceTree = "<group>";
		};
		2CD0F5851E06F0CC008EEF1A /* Frameworks */ = {
			isa = PBXGroup;
			children = (
				2C5421981E0788CF00A0A6DB /* Twitter.framework */,
				2C5421961E07888900A0A6DB /* CFNetwork.framework */,
			);
			name = Frameworks;
			sourceTree = "<group>";
		};
		2CF5E2961E0A65AE00D21F89 /* Core Data */ = {
			isa = PBXGroup;
			children = (
				2C67072A1E0B851C00B40BDB /* CoreDataTableViewController.swift */,
				2C072DDD1E0A78B400648EC3 /* Tweet+CoreDataClass.swift */,
				2C072DDE1E0A78B400648EC3 /* Tweet+CoreDataProperties.swift */,
				2C072DDF1E0A78B400648EC3 /* TwitterUser+CoreDataClass.swift */,
				2C072DE01E0A78B400648EC3 /* TwitterUser+CoreDataProperties.swift */,
				2CF5E28B1E0A61C700D21F89 /* Model.xcdatamodeld */,
			);
			name = "Core Data";
			sourceTree = "<group>";
		};
/* End PBXGroup section */

/* Begin PBXNativeTarget section */
		2CD0F55F1E06E796008EEF1A /* Smashtag */ = {
			isa = PBXNativeTarget;
			buildConfigurationList = 2CD0F5721E06E796008EEF1A /* Build configuration list for PBXNativeTarget "Smashtag" */;
			buildPhases = (
				2CD0F55C1E06E796008EEF1A /* Sources */,
				2CD0F55D1E06E796008EEF1A /* Frameworks */,
				2CD0F55E1E06E796008EEF1A /* Resources */,
			);
			buildRules = (
			);
			dependencies = (
			);
			name = Smashtag;
			productName = Smashtag;
			productReference = 2CD0F5601E06E796008EEF1A /* Smashtag.app */;
			productType = "com.apple.product-type.application";
		};
/* End PBXNativeTarget section */

/* Begin PBXProject section */
		2CD0F5581E06E796008EEF1A /* Project object */ = {
			isa = PBXProject;
			attributes = {
				LastSwiftUpdateCheck = 0820;
				LastUpgradeCheck = 0820;
				ORGANIZATIONNAME = "陈志鹏";
				TargetAttributes = {
					2CD0F55F1E06E796008EEF1A = {
						CreatedOnToolsVersion = 8.2;
						DevelopmentTeam = ENKT5ZZGL8;
						ProvisioningStyle = Automatic;
					};
				};
			};
			buildConfigurationList = 2CD0F55B1E06E796008EEF1A /* Build configuration list for PBXProject "Smashtag" */;
			compatibilityVersion = "Xcode 3.2";
			developmentRegion = English;
			hasScannedForEncodings = 0;
			knownRegions = (
				en,
				Base,
			);
			mainGroup = 2CD0F5571E06E796008EEF1A;
			productRefGroup = 2CD0F5611E06E796008EEF1A /* Products */;
			projectDirPath = "";
			projectRoot = "";
			targets = (
				2CD0F55F1E06E796008EEF1A /* Smashtag */,
			);
		};
/* End PBXProject section */

/* Begin PBXResourcesBuildPhase section */
		2CD0F55E1E06E796008EEF1A /* Resources */ = {
			isa = PBXResourcesBuildPhase;
			buildActionMask = 2147483647;
			files = (
				2CD0F56E1E06E796008EEF1A /* LaunchScreen.storyboard in Resources */,
				2CD0F56B1E06E796008EEF1A /* Assets.xcassets in Resources */,
				2CD0F5691E06E796008EEF1A /* Main.storyboard in Resources */,
			);
			runOnlyForDeploymentPostprocessing = 0;
		};
/* End PBXResourcesBuildPhase section */

/* Begin PBXSourcesBuildPhase section */
		2CD0F55C1E06E796008EEF1A /* Sources */ = {
			isa = PBXSourcesBuildPhase;
			buildActionMask = 2147483647;
			files = (
				2C072DE31E0A78B400648EC3 /* TwitterUser+CoreDataClass.swift in Sources */,
				2CD0F5641E06E796008EEF1A /* AppDelegate.swift in Sources */,
				2C072DE41E0A78B400648EC3 /* TwitterUser+CoreDataProperties.swift in Sources */,
				2CD0F5771E06E887008EEF1A /* TweetTableViewController.swift in Sources */,
				2CF5E28D1E0A61C700D21F89 /* Model.xcdatamodeld in Sources */,
				2C072DE11E0A78B400648EC3 /* Tweet+CoreDataClass.swift in Sources */,
				2C072DE21E0A78B400648EC3 /* Tweet+CoreDataProperties.swift in Sources */,
				2CF5E2691E0A54E000D21F89 /* TweetersTableViewController.swift in Sources */,
				2C67072B1E0B851C00B40BDB /* CoreDataTableViewController.swift in Sources */,
				2C54219B1E07BC8700A0A6DB /* TweetTableViewCell.swift in Sources */,
			);
			runOnlyForDeploymentPostprocessing = 0;
		};
/* End PBXSourcesBuildPhase section */

/* Begin PBXVariantGroup section */
		2CD0F5671E06E796008EEF1A /* Main.storyboard */ = {
			isa = PBXVariantGroup;
			children = (
				2CD0F5681E06E796008EEF1A /* Base */,
			);
			name = Main.storyboard;
			sourceTree = "<group>";
		};
		2CD0F56C1E06E796008EEF1A /* LaunchScreen.storyboard */ = {
			isa = PBXVariantGroup;
			children = (
				2CD0F56D1E06E796008EEF1A /* Base */,
			);
			name = LaunchScreen.storyboard;
			sourceTree = "<group>";
		};
/* End PBXVariantGroup section */

/* Begin XCBuildConfiguration section */
		2CD0F5701E06E796008EEF1A /* Debug */ = {
			isa = XCBuildConfiguration;
			buildSettings = {
				ALWAYS_SEARCH_USER_PATHS = NO;
				CLANG_ANALYZER_NONNULL = YES;
				CLANG_CXX_LANGUAGE_STANDARD = "gnu++0x";
				CLANG_CXX_LIBRARY = "libc++";
				CLANG_ENABLE_MODULES = YES;
				CLANG_ENABLE_OBJC_ARC = YES;
				CLANG_WARN_BOOL_CONVERSION = YES;
				CLANG_WARN_CONSTANT_CONVERSION = YES;
				CLANG_WARN_DIRECT_OBJC_ISA_USAGE = YES_ERROR;
				CLANG_WARN_DOCUMENTATION_COMMENTS = YES;
				CLANG_WARN_EMPTY_BODY = YES;
				CLANG_WARN_ENUM_CONVERSION = YES;
				CLANG_WARN_INFINITE_RECURSION = YES;
				CLANG_WARN_INT_CONVERSION = YES;
				CLANG_WARN_OBJC_ROOT_CLASS = YES_ERROR;
				CLANG_WARN_SUSPICIOUS_MOVE = YES;
				CLANG_WARN_UNREACHABLE_CODE = YES;
				CLANG_WARN__DUPLICATE_METHOD_MATCH = YES;
				"CODE_SIGN_IDENTITY[sdk=iphoneos*]" = "iPhone Developer";
				COPY_PHASE_STRIP = NO;
				DEBUG_INFORMATION_FORMAT = dwarf;
				ENABLE_STRICT_OBJC_MSGSEND = YES;
				ENABLE_TESTABILITY = YES;
				GCC_C_LANGUAGE_STANDARD = gnu99;
				GCC_DYNAMIC_NO_PIC = NO;
				GCC_NO_COMMON_BLOCKS = YES;
				GCC_OPTIMIZATION_LEVEL = 0;
				GCC_PREPROCESSOR_DEFINITIONS = (
					"DEBUG=1",
					"$(inherited)",
				);
				GCC_WARN_64_TO_32_BIT_CONVERSION = YES;
				GCC_WARN_ABOUT_RETURN_TYPE = YES_ERROR;
				GCC_WARN_UNDECLARED_SELECTOR = YES;
				GCC_WARN_UNINITIALIZED_AUTOS = YES_AGGRESSIVE;
				GCC_WARN_UNUSED_FUNCTION = YES;
				GCC_WARN_UNUSED_VARIABLE = YES;
				IPHONEOS_DEPLOYMENT_TARGET = 10.2;
				MTL_ENABLE_DEBUG_INFO = YES;
				ONLY_ACTIVE_ARCH = YES;
				SDKROOT = iphoneos;
				SWIFT_ACTIVE_COMPILATION_CONDITIONS = DEBUG;
				SWIFT_OPTIMIZATION_LEVEL = "-Onone";
				TARGETED_DEVICE_FAMILY = "1,2";
			};
			name = Debug;
		};
		2CD0F5711E06E796008EEF1A /* Release */ = {
			isa = XCBuildConfiguration;
			buildSettings = {
				ALWAYS_SEARCH_USER_PATHS = NO;
				CLANG_ANALYZER_NONNULL = YES;
				CLANG_CXX_LANGUAGE_STANDARD = "gnu++0x";
				CLANG_CXX_LIBRARY = "libc++";
				CLANG_ENABLE_MODULES = YES;
				CLANG_ENABLE_OBJC_ARC = YES;
				CLANG_WARN_BOOL_CONVERSION = YES;
				CLANG_WARN_CONSTANT_CONVERSION = YES;
				CLANG_WARN_DIRECT_OBJC_ISA_USAGE = YES_ERROR;
				CLANG_WARN_DOCUMENTATION_COMMENTS = YES;
				CLANG_WARN_EMPTY_BODY = YES;
				CLANG_WARN_ENUM_CONVERSION = YES;
				CLANG_WARN_INFINITE_RECURSION = YES;
				CLANG_WARN_INT_CONVERSION = YES;
				CLANG_WARN_OBJC_ROOT_CLASS = YES_ERROR;
				CLANG_WARN_SUSPICIOUS_MOVE = YES;
				CLANG_WARN_UNREACHABLE_CODE = YES;
				CLANG_WARN__DUPLICATE_METHOD_MATCH = YES;
				"CODE_SIGN_IDENTITY[sdk=iphoneos*]" = "iPhone Developer";
				COPY_PHASE_STRIP = NO;
				DEBUG_INFORMATION_FORMAT = "dwarf-with-dsym";
				ENABLE_NS_ASSERTIONS = NO;
				ENABLE_STRICT_OBJC_MSGSEND = YES;
				GCC_C_LANGUAGE_STANDARD = gnu99;
				GCC_NO_COMMON_BLOCKS = YES;
				GCC_WARN_64_TO_32_BIT_CONVERSION = YES;
				GCC_WARN_ABOUT_RETURN_TYPE = YES_ERROR;
				GCC_WARN_UNDECLARED_SELECTOR = YES;
				GCC_WARN_UNINITIALIZED_AUTOS = YES_AGGRESSIVE;
				GCC_WARN_UNUSED_FUNCTION = YES;
				GCC_WARN_UNUSED_VARIABLE = YES;
				IPHONEOS_DEPLOYMENT_TARGET = 10.2;
				MTL_ENABLE_DEBUG_INFO = NO;
				SDKROOT = iphoneos;
				SWIFT_OPTIMIZATION_LEVEL = "-Owholemodule";
				TARGETED_DEVICE_FAMILY = "1,2";
				VALIDATE_PRODUCT = YES;
			};
			name = Release;
		};
		2CD0F5731E06E796008EEF1A /* Debug */ = {
			isa = XCBuildConfiguration;
			buildSettings = {
				ASSETCATALOG_COMPILER_APPICON_NAME = AppIcon;
				DEVELOPMENT_TEAM = ENKT5ZZGL8;
				INFOPLIST_FILE = Smashtag/Info.plist;
				LD_RUNPATH_SEARCH_PATHS = "$(inherited) @executable_path/Frameworks";
				PRODUCT_BUNDLE_IDENTIFIER = com.chenzhipeng.smashtag.Smashtag;
				PRODUCT_NAME = "$(TARGET_NAME)";
				SWIFT_VERSION = 3.0;
			};
			name = Debug;
		};
		2CD0F5741E06E796008EEF1A /* Release */ = {
			isa = XCBuildConfiguration;
			buildSettings = {
				ASSETCATALOG_COMPILER_APPICON_NAME = AppIcon;
				DEVELOPMENT_TEAM = ENKT5ZZGL8;
				INFOPLIST_FILE = Smashtag/Info.plist;
				LD_RUNPATH_SEARCH_PATHS = "$(inherited) @executable_path/Frameworks";
				PRODUCT_BUNDLE_IDENTIFIER = com.chenzhipeng.smashtag.Smashtag;
				PRODUCT_NAME = "$(TARGET_NAME)";
				SWIFT_VERSION = 3.0;
			};
			name = Release;
		};
/* End XCBuildConfiguration section */

/* Begin XCConfigurationList section */
		2CD0F55B1E06E796008EEF1A /* Build configuration list for PBXProject "Smashtag" */ = {
			isa = XCConfigurationList;
			buildConfigurations = (
				2CD0F5701E06E796008EEF1A /* Debug */,
				2CD0F5711E06E796008EEF1A /* Release */,
			);
			defaultConfigurationIsVisible = 0;
			defaultConfigurationName = Release;
		};
		2CD0F5721E06E796008EEF1A /* Build configuration list for PBXNativeTarget "Smashtag" */ = {
			isa = XCConfigurationList;
			buildConfigurations = (
				2CD0F5731E06E796008EEF1A /* Debug */,
				2CD0F5741E06E796008EEF1A /* Release */,
			);
			defaultConfigurationIsVisible = 0;
			defaultConfigurationName = Release;
		};
/* End XCConfigurationList section */

/* Begin XCVersionGroup section */
		2CF5E28B1E0A61C700D21F89 /* Model.xcdatamodeld */ = {
			isa = XCVersionGroup;
			children = (
				2CF5E28C1E0A61C700D21F89 /* Model.xcdatamodel */,
			);
			currentVersion = 2CF5E28C1E0A61C700D21F89 /* Model.xcdatamodel */;
			path = Model.xcdatamodeld;
			sourceTree = "<group>";
			versionGroupType = wrapper.xcdatamodel;
		};
/* End XCVersionGroup section */
	};
	rootObject = 2CD0F5581E06E796008EEF1A /* Project object */;
}
